
Microsoft Visual Studio Solution File, Format Version 12.00
# Visual Studio Version 17
VisualStudioVersion = 17.5.33516.290
MinimumVisualStudioVersion = 10.0.40219.1
Project("{FAE04EC0-301F-11D3-BF4B-00C04F79EFBC}") = "TodoApi", "TodoApi\TodoApi.csproj", "{0356B893-1106-4FF4-A6C1-DBBF7DB49046}"
EndProject
Global
	GlobalSection(SolutionConfigurationPlatforms) = preSolution
		Debug|Any CPU = Debug|Any CPU
		Release|Any CPU = Release|Any CPU
	EndGlobalSection
	GlobalSection(ProjectConfigurationPlatforms) = postSolution
		{0356B893-1106-4FF4-A6C1-DBBF7DB49046}.Debug|Any CPU.ActiveCfg = Debug|Any CPU
		{0356B893-1106-4FF4-A6C1-DBBF7DB49046}.Debug|Any CPU.Build.0 = Debug|Any CPU
		{0356B893-1106-4FF4-A6C1-DBBF7DB49046}.Release|Any CPU.ActiveCfg = Release|Any CPU
		{0356B893-1106-4FF4-A6C1-DBBF7DB49046}.Release|Any CPU.Build.0 = Release|Any CPU
	EndGlobalSection
	GlobalSection(SolutionProperties) = preSolution
		HideSolutionNode = FALSE
	EndGlobalSection
	GlobalSection(ExtensibilityGlobals) = postSolution
		SolutionGuid = {7886647E-0A4C-4CEA-BE3F-F75A18C34E9D}
	EndGlobalSection
EndGlobal
